// !$*UTF8*$!
{
	archiveVersion = 1;
	classes = {
	};
	objectVersion = 50;
	objects = {

/* Begin PBXBuildFile section */
		7E0B5CD822C458EE003BC7DB /* main.cpp in Sources */ = {isa = PBXBuildFile; fileRef = 7E0B5CD722C458EE003BC7DB /* main.cpp */; };
		7E0B5CE022C45921003BC7DB /* DebitCard.cpp in Sources */ = {isa = PBXBuildFile; fileRef = 7E0B5CDE22C45921003BC7DB /* DebitCard.cpp */; };
		7E0B5CE322C4594E003BC7DB /* DynamicArray.cpp in Sources */ = {isa = PBXBuildFile; fileRef = 7E0B5CE122C4594E003BC7DB /* DynamicArray.cpp */; };
		7E0B5CE622C4596C003BC7DB /* Transaction.cpp in Sources */ = {isa = PBXBuildFile; fileRef = 7E0B5CE422C4596C003BC7DB /* Transaction.cpp */; };
/* End PBXBuildFile section */

/* Begin PBXCopyFilesBuildPhase section */
		7E0B5CD222C458EE003BC7DB /* CopyFiles */ = {
			isa = PBXCopyFilesBuildPhase;
			buildActionMask = 2147483647;
			dstPath = /usr/share/man/man1/;
			dstSubfolderSpec = 0;
			files = (
			);
			runOnlyForDeploymentPostprocessing = 1;
		};
/* End PBXCopyFilesBuildPhase section */

/* Begin PBXFileReference section */
		7E0B5CD422C458EE003BC7DB /* Debit Card Project */ = {isa = PBXFileReference; explicitFileType = "compiled.mach-o.executable"; includeInIndex = 0; path = "Debit Card Project"; sourceTree = BUILT_PRODUCTS_DIR; };
		7E0B5CD722C458EE003BC7DB /* main.cpp */ = {isa = PBXFileReference; lastKnownFileType = sourcecode.cpp.cpp; path = main.cpp; sourceTree = "<group>"; };
		7E0B5CDE22C45921003BC7DB /* DebitCard.cpp */ = {isa = PBXFileReference; lastKnownFileType = sourcecode.cpp.cpp; path = DebitCard.cpp; sourceTree = "<group>"; };
		7E0B5CDF22C45921003BC7DB /* DebitCard.h */ = {isa = PBXFileReference; lastKnownFileType = sourcecode.c.h; path = DebitCard.h; sourceTree = "<group>"; };
		7E0B5CE122C4594E003BC7DB /* DynamicArray.cpp */ = {isa = PBXFileReference; lastKnownFileType = sourcecode.cpp.cpp; path = DynamicArray.cpp; sourceTree = "<group>"; };
		7E0B5CE222C4594E003BC7DB /* DynamicArray.h */ = {isa = PBXFileReference; lastKnownFileType = sourcecode.c.h; path = DynamicArray.h; sourceTree = "<group>"; };
		7E0B5CE422C4596C003BC7DB /* Transaction.cpp */ = {isa = PBXFileReference; lastKnownFileType = sourcecode.cpp.cpp; path = Transaction.cpp; sourceTree = "<group>"; };
		7E0B5CE522C4596C003BC7DB /* Transaction.h */ = {isa = PBXFileReference; lastKnownFileType = sourcecode.c.h; path = Transaction.h; sourceTree = "<group>"; };
		7E0B5CE722C45996003BC7DB /* Observer.h */ = {isa = PBXFileReference; lastKnownFileType = sourcecode.c.h; path = Observer.h; sourceTree = "<group>"; };
/* End PBXFileReference section */

/* Begin PBXFrameworksBuildPhase section */
		7E0B5CD122C458EE003BC7DB /* Frameworks */ = {
			isa = PBXFrameworksBuildPhase;
			buildActionMask = 2147483647;
			files = (
			);
			runOnlyForDeploymentPostprocessing = 0;
		};
/* End PBXFrameworksBuildPhase section */

/* Begin PBXGroup section */
		7E0B5CCB22C458EE003BC7DB = {
			isa = PBXGroup;
			children = (
				7E0B5CD622C458EE003BC7DB /* Debit Card Project */,
				7E0B5CD522C458EE003BC7DB /* Products */,
			);
			sourceTree = "<group>";
		};
		7E0B5CD522C458EE003BC7DB /* Products */ = {
			isa = PBXGroup;
			children = (
				7E0B5CD422C458EE003BC7DB /* Debit Card Project */,
			);
			name = Products;
			sourceTree = "<group>";
		};
		7E0B5CD622C458EE003BC7DB /* Debit Card Project */ = {
			isa = PBXGroup;
			children = (
				7E0B5CD722C458EE003BC7DB /* main.cpp */,
				7E0B5CDE22C45921003BC7DB /* DebitCard.cpp */,
				7E0B5CDF22C45921003BC7DB /* DebitCard.h */,
				7E0B5CE122C4594E003BC7DB /* DynamicArray.cpp */,
				7E0B5CE222C4594E003BC7DB /* DynamicArray.h */,
				7E0B5CE422C4596C003BC7DB /* Transaction.cpp */,
				7E0B5CE522C4596C003BC7DB /* Transaction.h */,
				7E0B5CE722C45996003BC7DB /* Observer.h */,
			);
			path = "Debit Card Project";
			sourceTree = "<group>";
		};
/* End PBXGroup section */

/* Begin PBXNativeTarget section */
		7E0B5CD322C458EE003BC7DB /* Debit Card Project */ = {
			isa = PBXNativeTarget;
			buildConfigurationList = 7E0B5CDB22C458EE003BC7DB /* Build configuration list for PBXNativeTarget "Debit Card Project" */;
			buildPhases = (
				7E0B5CD022C458EE003BC7DB /* Sources */,
				7E0B5CD122C458EE003BC7DB /* Frameworks */,
				7E0B5CD222C458EE003BC7DB /* CopyFiles */,
			);
			buildRules = (
			);
			dependencies = (
			);
			name = "Debit Card Project";
			productName = "Debit Card Project";
			productReference = 7E0B5CD422C458EE003BC7DB /* Debit Card Project */;
			productType = "com.apple.product-type.tool";
		};
/* End PBXNativeTarget section */

/* Begin PBXProject section */
		7E0B5CCC22C458EE003BC7DB /* Project object */ = {
			isa = PBXProject;
			attributes = {
				LastUpgradeCheck = 1020;
				ORGANIZATIONNAME = "Blake Williams";
				TargetAttributes = {
					7E0B5CD322C458EE003BC7DB = {
						CreatedOnToolsVersion = 10.2.1;
					};
				};
			};
			buildConfigurationList = 7E0B5CCF22C458EE003BC7DB /* Build configuration list for PBXProject "Debit Card Project" */;
			compatibilityVersion = "Xcode 9.3";
			developmentRegion = en;
			hasScannedForEncodings = 0;
			knownRegions = (
				en,
			);
			mainGroup = 7E0B5CCB22C458EE003BC7DB;
			productRefGroup = 7E0B5CD522C458EE003BC7DB /* Products */;
			projectDirPath = "";
			projectRoot = "";
			targets = (
				7E0B5CD322C458EE003BC7DB /* Debit Card Project */,
			);
		};
/* End PBXProject section */

/* Begin PBXSourcesBuildPhase section */
		7E0B5CD022C458EE003BC7DB /* Sources */ = {
			isa = PBXSourcesBuildPhase;
			buildActionMask = 2147483647;
			files = (
				7E0B5CE022C45921003BC7DB /* DebitCard.cpp in Sources */,
				7E0B5CD822C458EE003BC7DB /* main.cpp in Sources */,
				7E0B5CE622C4596C003BC7DB /* Transaction.cpp in Sources */,
				7E0B5CE322C4594E003BC7DB /* DynamicArray.cpp in Sources */,
			);
			runOnlyForDeploymentPostprocessing = 0;
		};
/* End PBXSourcesBuildPhase section */

/* Begin XCBuildConfiguration section */
		7E0B5CD922C458EE003BC7DB /* Debug */ = {
			isa = XCBuildConfiguration;
			buildSettings = {
				ALWAYS_SEARCH_USER_PATHS = NO;
				CLANG_ANALYZER_NONNULL = YES;
				CLANG_ANALYZER_NUMBER_OBJECT_CONVERSION = YES_AGGRESSIVE;
				CLANG_CXX_LANGUAGE_STANDARD = "gnu++14";
				CLANG_CXX_LIBRARY = "libc++";
				CLANG_ENABLE_MODULES = YES;
				CLANG_ENABLE_OBJC_ARC = YES;
				CLANG_ENABLE_OBJC_WEAK = YES;
				CLANG_WARN_BLOCK_CAPTURE_AUTORELEASING = YES;
				CLANG_WARN_BOOL_CONVERSION = YES;
				CLANG_WARN_COMMA = YES;
				CLANG_WARN_CONSTANT_CONVERSION = YES;
				CLANG_WARN_DEPRECATED_OBJC_IMPLEMENTATIONS = YES;
				CLANG_WARN_DIRECT_OBJC_ISA_USAGE = YES_ERROR;
				CLANG_WARN_DOCUMENTATION_COMMENTS = YES;
				CLANG_WARN_EMPTY_BODY = YES;
				CLANG_WARN_ENUM_CONVERSION = YES;
				CLANG_WARN_INFINITE_RECURSION = YES;
				CLANG_WARN_INT_CONVERSION = YES;
				CLANG_WARN_NON_LITERAL_NULL_CONVERSION = YES;
				CLANG_WARN_OBJC_IMPLICIT_RETAIN_SELF = YES;
				CLANG_WARN_OBJC_LITERAL_CONVERSION = YES;
				CLANG_WARN_OBJC_ROOT_CLASS = YES_ERROR;
				CLANG_WARN_RANGE_LOOP_ANALYSIS = YES;
				CLANG_WARN_STRICT_PROTOTYPES = YES;
				CLANG_WARN_SUSPICIOUS_MOVE = YES;
				CLANG_WARN_UNGUARDED_AVAILABILITY = YES_AGGRESSIVE;
				CLANG_WARN_UNREACHABLE_CODE = YES;
				CLANG_WARN__DUPLICATE_METHOD_MATCH = YES;
				CODE_SIGN_IDENTITY = "-";
				COPY_PHASE_STRIP = NO;
				DEBUG_INFORMATION_FORMAT = dwarf;
				ENABLE_STRICT_OBJC_MSGSEND = YES;
				ENABLE_TESTABILITY = YES;
				GCC_C_LANGUAGE_STANDARD = gnu11;
				GCC_DYNAMIC_NO_PIC = NO;
				GCC_NO_COMMON_BLOCKS = YES;
				GCC_OPTIMIZATION_LEVEL = 0;
				GCC_PREPROCESSOR_DEFINITIONS = (
					"DEBUG=1",
					"$(inherited)",
				);
				GCC_WARN_64_TO_32_BIT_CONVERSION = YES;
				GCC_WARN_ABOUT_RETURN_TYPE = YES_ERROR;
				GCC_WARN_UNDECLARED_SELECTOR = YES;
				GCC_WARN_UNINITIALIZED_AUTOS = YES_AGGRESSIVE;
				GCC_WARN_UNUSED_FUNCTION = YES;
				GCC_WARN_UNUSED_VARIABLE = YES;
				MACOSX_DEPLOYMENT_TARGET = 10.14;
				MTL_ENABLE_DEBUG_INFO = INCLUDE_SOURCE;
				MTL_FAST_MATH = YES;
				ONLY_ACTIVE_ARCH = YES;
				SDKROOT = macosx;
			};
			name = Debug;
		};
		7E0B5CDA22C458EE003BC7DB /* Release */ = {
			isa = XCBuildConfiguration;
			buildSettings = {
				ALWAYS_SEARCH_USER_PATHS = NO;
				CLANG_ANALYZER_NONNULL = YES;
				CLANG_ANALYZER_NUMBER_OBJECT_CONVERSION = YES_AGGRESSIVE;
				CLANG_CXX_LANGUAGE_STANDARD = "gnu++14";
				CLANG_CXX_LIBRARY = "libc++";
				CLANG_ENABLE_MODULES = YES;
				CLANG_ENABLE_OBJC_ARC = YES;
				CLANG_ENABLE_OBJC_WEAK = YES;
				CLANG_WARN_BLOCK_CAPTURE_AUTORELEASING = YES;
				CLANG_WARN_BOOL_CONVERSION = YES;
				CLANG_WARN_COMMA = YES;
				CLANG_WARN_CONSTANT_CONVERSION = YES;
				CLANG_WARN_DEPRECATED_OBJC_IMPLEMENTATIONS = YES;
				CLANG_WARN_DIRECT_OBJC_ISA_USAGE = YES_ERROR;
				CLANG_WARN_DOCUMENTATION_COMMENTS = YES;
				CLANG_WARN_EMPTY_BODY = YES;
				CLANG_WARN_ENUM_CONVERSION = YES;
				CLANG_WARN_INFINITE_RECURSION = YES;
				CLANG_WARN_INT_CONVERSION = YES;
				CLANG_WARN_NON_LITERAL_NULL_CONVERSION = YES;
				CLANG_WARN_OBJC_IMPLICIT_RETAIN_SELF = YES;
				CLANG_WARN_OBJC_LITERAL_CONVERSION = YES;
				CLANG_WARN_OBJC_ROOT_CLASS = YES_ERROR;
				CLANG_WARN_RANGE_LOOP_ANALYSIS = YES;
				CLANG_WARN_STRICT_PROTOTYPES = YES;
				CLANG_WARN_SUSPICIOUS_MOVE = YES;
				CLANG_WARN_UNGUARDED_AVAILABILITY = YES_AGGRESSIVE;
				CLANG_WARN_UNREACHABLE_CODE = YES;
				CLANG_WARN__DUPLICATE_METHOD_MATCH = YES;
				CODE_SIGN_IDENTITY = "-";
				COPY_PHASE_STRIP = NO;
				DEBUG_INFORMATION_FORMAT = "dwarf-with-dsym";
				ENABLE_NS_ASSERTIONS = NO;
				ENABLE_STRICT_OBJC_MSGSEND = YES;
				GCC_C_LANGUAGE_STANDARD = gnu11;
				GCC_NO_COMMON_BLOCKS = YES;
				GCC_WARN_64_TO_32_BIT_CONVERSION = YES;
				GCC_WARN_ABOUT_RETURN_TYPE = YES_ERROR;
				GCC_WARN_UNDECLARED_SELECTOR = YES;
				GCC_WARN_UNINITIALIZED_AUTOS = YES_AGGRESSIVE;
				GCC_WARN_UNUSED_FUNCTION = YES;
				GCC_WARN_UNUSED_VARIABLE = YES;
				MACOSX_DEPLOYMENT_TARGET = 10.14;
				MTL_ENABLE_DEBUG_INFO = NO;
				MTL_FAST_MATH = YES;
				SDKROOT = macosx;
			};
			name = Release;
		};
		7E0B5CDC22C458EE003BC7DB /* Debug */ = {
			isa = XCBuildConfiguration;
			buildSettings = {
				CODE_SIGN_STYLE = Automatic;
				PRODUCT_NAME = "$(TARGET_NAME)";
			};
			name = Debug;
		};
		7E0B5CDD22C458EE003BC7DB /* Release */ = {
			isa = XCBuildConfiguration;
			buildSettings = {
				CODE_SIGN_STYLE = Automatic;
				PRODUCT_NAME = "$(TARGET_NAME)";
			};
			name = Release;
		};
/* End XCBuildConfiguration section */

/* Begin XCConfigurationList section */
		7E0B5CCF22C458EE003BC7DB /* Build configuration list for PBXProject "Debit Card Project" */ = {
			isa = XCConfigurationList;
			buildConfigurations = (
				7E0B5CD922C458EE003BC7DB /* Debug */,
				7E0B5CDA22C458EE003BC7DB /* Release */,
			);
			defaultConfigurationIsVisible = 0;
			defaultConfigurationName = Release;
		};
		7E0B5CDB22C458EE003BC7DB /* Build configuration list for PBXNativeTarget "Debit Card Project" */ = {
			isa = XCConfigurationList;
			buildConfigurations = (
				7E0B5CDC22C458EE003BC7DB /* Debug */,
				7E0B5CDD22C458EE003BC7DB /* Release */,
			);
			defaultConfigurationIsVisible = 0;
			defaultConfigurationName = Release;
		};
/* End XCConfigurationList section */
	};
	rootObject = 7E0B5CCC22C458EE003BC7DB /* Project object */;
}
